// !$*UTF8*$!
{
	archiveVersion = 1;
	classes = {
	};
	objectVersion = 50;
	objects = {

/* Begin PBXBuildFile section */
		A5E94101227408AA00855217 /* AppDelegate.swift in Sources */ = {isa = PBXBuildFile; fileRef = A5E94100227408AA00855217 /* AppDelegate.swift */; };
		A5E94103227408AA00855217 /* ViewController.swift in Sources */ = {isa = PBXBuildFile; fileRef = A5E94102227408AA00855217 /* ViewController.swift */; };
		A5E94106227408AA00855217 /* Main.storyboard in Resources */ = {isa = PBXBuildFile; fileRef = A5E94104227408AA00855217 /* Main.storyboard */; };
		A5E94108227408AD00855217 /* Assets.xcassets in Resources */ = {isa = PBXBuildFile; fileRef = A5E94107227408AD00855217 /* Assets.xcassets */; };
		A5E9410B227408AD00855217 /* LaunchScreen.storyboard in Resources */ = {isa = PBXBuildFile; fileRef = A5E94109227408AD00855217 /* LaunchScreen.storyboard */; };
		A5E94116227408AD00855217 /* ErrrorTests.swift in Sources */ = {isa = PBXBuildFile; fileRef = A5E94115227408AD00855217 /* ErrrorTests.swift */; };
		A5E94121227408AD00855217 /* ErrrorUITests.swift in Sources */ = {isa = PBXBuildFile; fileRef = A5E94120227408AD00855217 /* ErrrorUITests.swift */; };
/* End PBXBuildFile section */

/* Begin PBXContainerItemProxy section */
		A5E94112227408AD00855217 /* PBXContainerItemProxy */ = {
			isa = PBXContainerItemProxy;
			containerPortal = A5E940F5227408AA00855217 /* Project object */;
			proxyType = 1;
			remoteGlobalIDString = A5E940FC227408AA00855217;
			remoteInfo = Errror;
		};
		A5E9411D227408AD00855217 /* PBXContainerItemProxy */ = {
			isa = PBXContainerItemProxy;
			containerPortal = A5E940F5227408AA00855217 /* Project object */;
			proxyType = 1;
			remoteGlobalIDString = A5E940FC227408AA00855217;
			remoteInfo = Errror;
		};
/* End PBXContainerItemProxy section */

/* Begin PBXFileReference section */
		A5E940FD227408AA00855217 /* Errror.app */ = {isa = PBXFileReference; explicitFileType = wrapper.application; includeInIndex = 0; path = Errror.app; sourceTree = BUILT_PRODUCTS_DIR; };
		A5E94100227408AA00855217 /* AppDelegate.swift */ = {isa = PBXFileReference; lastKnownFileType = sourcecode.swift; path = AppDelegate.swift; sourceTree = "<group>"; };
		A5E94102227408AA00855217 /* ViewController.swift */ = {isa = PBXFileReference; lastKnownFileType = sourcecode.swift; path = ViewController.swift; sourceTree = "<group>"; };
		A5E94105227408AA00855217 /* Base */ = {isa = PBXFileReference; lastKnownFileType = file.storyboard; name = Base; path = Base.lproj/Main.storyboard; sourceTree = "<group>"; };
		A5E94107227408AD00855217 /* Assets.xcassets */ = {isa = PBXFileReference; lastKnownFileType = folder.assetcatalog; path = Assets.xcassets; sourceTree = "<group>"; };
		A5E9410A227408AD00855217 /* Base */ = {isa = PBXFileReference; lastKnownFileType = file.storyboard; name = Base; path = Base.lproj/LaunchScreen.storyboard; sourceTree = "<group>"; };
		A5E9410C227408AD00855217 /* Info.plist */ = {isa = PBXFileReference; lastKnownFileType = text.plist.xml; path = Info.plist; sourceTree = "<group>"; };
		A5E94111227408AD00855217 /* ErrrorTests.xctest */ = {isa = PBXFileReference; explicitFileType = wrapper.cfbundle; includeInIndex = 0; path = ErrrorTests.xctest; sourceTree = BUILT_PRODUCTS_DIR; };
		A5E94115227408AD00855217 /* ErrrorTests.swift */ = {isa = PBXFileReference; lastKnownFileType = sourcecode.swift; path = ErrrorTests.swift; sourceTree = "<group>"; };
		A5E94117227408AD00855217 /* Info.plist */ = {isa = PBXFileReference; lastKnownFileType = text.plist.xml; path = Info.plist; sourceTree = "<group>"; };
		A5E9411C227408AD00855217 /* ErrrorUITests.xctest */ = {isa = PBXFileReference; explicitFileType = wrapper.cfbundle; includeInIndex = 0; path = ErrrorUITests.xctest; sourceTree = BUILT_PRODUCTS_DIR; };
		A5E94120227408AD00855217 /* ErrrorUITests.swift */ = {isa = PBXFileReference; lastKnownFileType = sourcecode.swift; path = ErrrorUITests.swift; sourceTree = "<group>"; };
		A5E94122227408AD00855217 /* Info.plist */ = {isa = PBXFileReference; lastKnownFileType = text.plist.xml; path = Info.plist; sourceTree = "<group>"; };
/* End PBXFileReference section */

/* Begin PBXFrameworksBuildPhase section */
		A5E940FA227408AA00855217 /* Frameworks */ = {
			isa = PBXFrameworksBuildPhase;
			buildActionMask = 2147483647;
			files = (
			);
			runOnlyForDeploymentPostprocessing = 0;
		};
		A5E9410E227408AD00855217 /* Frameworks */ = {
			isa = PBXFrameworksBuildPhase;
			buildActionMask = 2147483647;
			files = (
			);
			runOnlyForDeploymentPostprocessing = 0;
		};
		A5E94119227408AD00855217 /* Frameworks */ = {
			isa = PBXFrameworksBuildPhase;
			buildActionMask = 2147483647;
			files = (
			);
			runOnlyForDeploymentPostprocessing = 0;
		};
/* End PBXFrameworksBuildPhase section */

/* Begin PBXGroup section */
		A5E940F4227408AA00855217 = {
			isa = PBXGroup;
			children = (
				A5E940FF227408AA00855217 /* Errror */,
				A5E94114227408AD00855217 /* ErrrorTests */,
				A5E9411F227408AD00855217 /* ErrrorUITests */,
				A5E940FE227408AA00855217 /* Products */,
			);
			sourceTree = "<group>";
		};
		A5E940FE227408AA00855217 /* Products */ = {
			isa = PBXGroup;
			children = (
				A5E940FD227408AA00855217 /* Errror.app */,
				A5E94111227408AD00855217 /* ErrrorTests.xctest */,
				A5E9411C227408AD00855217 /* ErrrorUITests.xctest */,
			);
			name = Products;
			sourceTree = "<group>";
		};
		A5E940FF227408AA00855217 /* Errror */ = {
			isa = PBXGroup;
			children = (
				A5E94100227408AA00855217 /* AppDelegate.swift */,
				A5E94102227408AA00855217 /* ViewController.swift */,
				A5E94104227408AA00855217 /* Main.storyboard */,
				A5E94107227408AD00855217 /* Assets.xcassets */,
				A5E94109227408AD00855217 /* LaunchScreen.storyboard */,
				A5E9410C227408AD00855217 /* Info.plist */,
			);
			path = Errror;
			sourceTree = "<group>";
		};
		A5E94114227408AD00855217 /* ErrrorTests */ = {
			isa = PBXGroup;
			children = (
				A5E94115227408AD00855217 /* ErrrorTests.swift */,
				A5E94117227408AD00855217 /* Info.plist */,
			);
			path = ErrrorTests;
			sourceTree = "<group>";
		};
		A5E9411F227408AD00855217 /* ErrrorUITests */ = {
			isa = PBXGroup;
			children = (
				A5E94120227408AD00855217 /* ErrrorUITests.swift */,
				A5E94122227408AD00855217 /* Info.plist */,
			);
			path = ErrrorUITests;
			sourceTree = "<group>";
		};
/* End PBXGroup section */

/* Begin PBXNativeTarget section */
		A5E940FC227408AA00855217 /* Errror */ = {
			isa = PBXNativeTarget;
			buildConfigurationList = A5E94125227408AD00855217 /* Build configuration list for PBXNativeTarget "Errror" */;
			buildPhases = (
				A5E940F9227408AA00855217 /* Sources */,
				A5E940FA227408AA00855217 /* Frameworks */,
				A5E940FB227408AA00855217 /* Resources */,
			);
			buildRules = (
			);
			dependencies = (
			);
			name = Errror;
			productName = Errror;
			productReference = A5E940FD227408AA00855217 /* Errror.app */;
			productType = "com.apple.product-type.application";
		};
		A5E94110227408AD00855217 /* ErrrorTests */ = {
			isa = PBXNativeTarget;
			buildConfigurationList = A5E94128227408AD00855217 /* Build configuration list for PBXNativeTarget "ErrrorTests" */;
			buildPhases = (
				A5E9410D227408AD00855217 /* Sources */,
				A5E9410E227408AD00855217 /* Frameworks */,
				A5E9410F227408AD00855217 /* Resources */,
			);
			buildRules = (
			);
			dependencies = (
				A5E94113227408AD00855217 /* PBXTargetDependency */,
			);
			name = ErrrorTests;
			productName = ErrrorTests;
			productReference = A5E94111227408AD00855217 /* ErrrorTests.xctest */;
			productType = "com.apple.product-type.bundle.unit-test";
		};
		A5E9411B227408AD00855217 /* ErrrorUITests */ = {
			isa = PBXNativeTarget;
			buildConfigurationList = A5E9412B227408AD00855217 /* Build configuration list for PBXNativeTarget "ErrrorUITests" */;
			buildPhases = (
				A5E94118227408AD00855217 /* Sources */,
				A5E94119227408AD00855217 /* Frameworks */,
				A5E9411A227408AD00855217 /* Resources */,
			);
			buildRules = (
			);
			dependencies = (
				A5E9411E227408AD00855217 /* PBXTargetDependency */,
			);
			name = ErrrorUITests;
			productName = ErrrorUITests;
			productReference = A5E9411C227408AD00855217 /* ErrrorUITests.xctest */;
			productType = "com.apple.product-type.bundle.ui-testing";
		};
/* End PBXNativeTarget section */

/* Begin PBXProject section */
		A5E940F5227408AA00855217 /* Project object */ = {
			isa = PBXProject;
			attributes = {
				LastSwiftUpdateCheck = 1020;
				LastUpgradeCheck = 1020;
				ORGANIZATIONNAME = "Daniil G";
				TargetAttributes = {
					A5E940FC227408AA00855217 = {
						CreatedOnToolsVersion = 10.2.1;
					};
					A5E94110227408AD00855217 = {
						CreatedOnToolsVersion = 10.2.1;
						TestTargetID = A5E940FC227408AA00855217;
					};
					A5E9411B227408AD00855217 = {
						CreatedOnToolsVersion = 10.2.1;
						TestTargetID = A5E940FC227408AA00855217;
					};
				};
			};
			buildConfigurationList = A5E940F8227408AA00855217 /* Build configuration list for PBXProject "Errror" */;
			compatibilityVersion = "Xcode 9.3";
			developmentRegion = en;
			hasScannedForEncodings = 0;
			knownRegions = (
				en,
				Base,
			);
			mainGroup = A5E940F4227408AA00855217;
			productRefGroup = A5E940FE227408AA00855217 /* Products */;
			projectDirPath = "";
			projectRoot = "";
			targets = (
				A5E940FC227408AA00855217 /* Errror */,
				A5E94110227408AD00855217 /* ErrrorTests */,
				A5E9411B227408AD00855217 /* ErrrorUITests */,
			);
		};
/* End PBXProject section */

/* Begin PBXResourcesBuildPhase section */
		A5E940FB227408AA00855217 /* Resources */ = {
			isa = PBXResourcesBuildPhase;
			buildActionMask = 2147483647;
			files = (
				A5E9410B227408AD00855217 /* LaunchScreen.storyboard in Resources */,
				A5E94108227408AD00855217 /* Assets.xcassets in Resources */,
				A5E94106227408AA00855217 /* Main.storyboard in Resources */,
			);
			runOnlyForDeploymentPostprocessing = 0;
		};
		A5E9410F227408AD00855217 /* Resources */ = {
			isa = PBXResourcesBuildPhase;
			buildActionMask = 2147483647;
			files = (
			);
			runOnlyForDeploymentPostprocessing = 0;
		};
		A5E9411A227408AD00855217 /* Resources */ = {
			isa = PBXResourcesBuildPhase;
			buildActionMask = 2147483647;
			files = (
			);
			runOnlyForDeploymentPostprocessing = 0;
		};
/* End PBXResourcesBuildPhase section */

/* Begin PBXSourcesBuildPhase section */
		A5E940F9227408AA00855217 /* Sources */ = {
			isa = PBXSourcesBuildPhase;
			buildActionMask = 2147483647;
			files = (
				A5E94103227408AA00855217 /* ViewController.swift in Sources */,
				A5E94101227408AA00855217 /* AppDelegate.swift in Sources */,
			);
			runOnlyForDeploymentPostprocessing = 0;
		};
		A5E9410D227408AD00855217 /* Sources */ = {
			isa = PBXSourcesBuildPhase;
			buildActionMask = 2147483647;
			files = (
				A5E94116227408AD00855217 /* ErrrorTests.swift in Sources */,
			);
			runOnlyForDeploymentPostprocessing = 0;
		};
		A5E94118227408AD00855217 /* Sources */ = {
			isa = PBXSourcesBuildPhase;
			buildActionMask = 2147483647;
			files = (
				A5E94121227408AD00855217 /* ErrrorUITests.swift in Sources */,
			);
			runOnlyForDeploymentPostprocessing = 0;
		};
/* End PBXSourcesBuildPhase section */

/* Begin PBXTargetDependency section */
		A5E94113227408AD00855217 /* PBXTargetDependency */ = {
			isa = PBXTargetDependency;
			target = A5E940FC227408AA00855217 /* Errror */;
			targetProxy = A5E94112227408AD00855217 /* PBXContainerItemProxy */;
		};
		A5E9411E227408AD00855217 /* PBXTargetDependency */ = {
			isa = PBXTargetDependency;
			target = A5E940FC227408AA00855217 /* Errror */;
			targetProxy = A5E9411D227408AD00855217 /* PBXContainerItemProxy */;
		};
/* End PBXTargetDependency section */

/* Begin PBXVariantGroup section */
		A5E94104227408AA00855217 /* Main.storyboard */ = {
			isa = PBXVariantGroup;
			children = (
				A5E94105227408AA00855217 /* Base */,
			);
			name = Main.storyboard;
			sourceTree = "<group>";
		};
		A5E94109227408AD00855217 /* LaunchScreen.storyboard */ = {
			isa = PBXVariantGroup;
			children = (
				A5E9410A227408AD00855217 /* Base */,
			);
			name = LaunchScreen.storyboard;
			sourceTree = "<group>";
		};
/* End PBXVariantGroup section */

/* Begin XCBuildConfiguration section */
		A5E94123227408AD00855217 /* Debug */ = {
			isa = XCBuildConfiguration;
			buildSettings = {
				ALWAYS_SEARCH_USER_PATHS = NO;
				CLANG_ANALYZER_NONNULL = YES;
				CLANG_ANALYZER_NUMBER_OBJECT_CONVERSION = YES_AGGRESSIVE;
				CLANG_CXX_LANGUAGE_STANDARD = "gnu++14";
				CLANG_CXX_LIBRARY = "libc++";
				CLANG_ENABLE_MODULES = YES;
				CLANG_ENABLE_OBJC_ARC = YES;
				CLANG_ENABLE_OBJC_WEAK = YES;
				CLANG_WARN_BLOCK_CAPTURE_AUTORELEASING = YES;
				CLANG_WARN_BOOL_CONVERSION = YES;
				CLANG_WARN_COMMA = YES;
				CLANG_WARN_CONSTANT_CONVERSION = YES;
				CLANG_WARN_DEPRECATED_OBJC_IMPLEMENTATIONS = YES;
				CLANG_WARN_DIRECT_OBJC_ISA_USAGE = YES_ERROR;
				CLANG_WARN_DOCUMENTATION_COMMENTS = YES;
				CLANG_WARN_EMPTY_BODY = YES;
				CLANG_WARN_ENUM_CONVERSION = YES;
				CLANG_WARN_INFINITE_RECURSION = YES;
				CLANG_WARN_INT_CONVERSION = YES;
				CLANG_WARN_NON_LITERAL_NULL_CONVERSION = YES;
				CLANG_WARN_OBJC_IMPLICIT_RETAIN_SELF = YES;
				CLANG_WARN_OBJC_LITERAL_CONVERSION = YES;
				CLANG_WARN_OBJC_ROOT_CLASS = YES_ERROR;
				CLANG_WARN_RANGE_LOOP_ANALYSIS = YES;
				CLANG_WARN_STRICT_PROTOTYPES = YES;
				CLANG_WARN_SUSPICIOUS_MOVE = YES;
				CLANG_WARN_UNGUARDED_AVAILABILITY = YES_AGGRESSIVE;
				CLANG_WARN_UNREACHABLE_CODE = YES;
				CLANG_WARN__DUPLICATE_METHOD_MATCH = YES;
				CODE_SIGN_IDENTITY = "iPhone Developer";
				COPY_PHASE_STRIP = NO;
				DEBUG_INFORMATION_FORMAT = dwarf;
				ENABLE_STRICT_OBJC_MSGSEND = YES;
				ENABLE_TESTABILITY = YES;
				GCC_C_LANGUAGE_STANDARD = gnu11;
				GCC_DYNAMIC_NO_PIC = NO;
				GCC_NO_COMMON_BLOCKS = YES;
				GCC_OPTIMIZATION_LEVEL = 0;
				GCC_PREPROCESSOR_DEFINITIONS = (
					"DEBUG=1",
					"$(inherited)",
				);
				GCC_WARN_64_TO_32_BIT_CONVERSION = YES;
				GCC_WARN_ABOUT_RETURN_TYPE = YES_ERROR;
				GCC_WARN_UNDECLARED_SELECTOR = YES;
				GCC_WARN_UNINITIALIZED_AUTOS = YES_AGGRESSIVE;
				GCC_WARN_UNUSED_FUNCTION = YES;
				GCC_WARN_UNUSED_VARIABLE = YES;
				IPHONEOS_DEPLOYMENT_TARGET = 12.2;
				MTL_ENABLE_DEBUG_INFO = INCLUDE_SOURCE;
				MTL_FAST_MATH = YES;
				ONLY_ACTIVE_ARCH = YES;
				SDKROOT = iphoneos;
				SWIFT_ACTIVE_COMPILATION_CONDITIONS = DEBUG;
				SWIFT_OPTIMIZATION_LEVEL = "-Onone";
			};
			name = Debug;
		};
		A5E94124227408AD00855217 /* Release */ = {
			isa = XCBuildConfiguration;
			buildSettings = {
				ALWAYS_SEARCH_USER_PATHS = NO;
				CLANG_ANALYZER_NONNULL = YES;
				CLANG_ANALYZER_NUMBER_OBJECT_CONVERSION = YES_AGGRESSIVE;
				CLANG_CXX_LANGUAGE_STANDARD = "gnu++14";
				CLANG_CXX_LIBRARY = "libc++";
				CLANG_ENABLE_MODULES = YES;
				CLANG_ENABLE_OBJC_ARC = YES;
				CLANG_ENABLE_OBJC_WEAK = YES;
				CLANG_WARN_BLOCK_CAPTURE_AUTORELEASING = YES;
				CLANG_WARN_BOOL_CONVERSION = YES;
				CLANG_WARN_COMMA = YES;
				CLANG_WARN_CONSTANT_CONVERSION = YES;
				CLANG_WARN_DEPRECATED_OBJC_IMPLEMENTATIONS = YES;
				CLANG_WARN_DIRECT_OBJC_ISA_USAGE = YES_ERROR;
				CLANG_WARN_DOCUMENTATION_COMMENTS = YES;
				CLANG_WARN_EMPTY_BODY = YES;
				CLANG_WARN_ENUM_CONVERSION = YES;
				CLANG_WARN_INFINITE_RECURSION = YES;
				CLANG_WARN_INT_CONVERSION = YES;
				CLANG_WARN_NON_LITERAL_NULL_CONVERSION = YES;
				CLANG_WARN_OBJC_IMPLICIT_RETAIN_SELF = YES;
				CLANG_WARN_OBJC_LITERAL_CONVERSION = YES;
				CLANG_WARN_OBJC_ROOT_CLASS = YES_ERROR;
				CLANG_WARN_RANGE_LOOP_ANALYSIS = YES;
				CLANG_WARN_STRICT_PROTOTYPES = YES;
				CLANG_WARN_SUSPICIOUS_MOVE = YES;
				CLANG_WARN_UNGUARDED_AVAILABILITY = YES_AGGRESSIVE;
				CLANG_WARN_UNREACHABLE_CODE = YES;
				CLANG_WARN__DUPLICATE_METHOD_MATCH = YES;
				CODE_SIGN_IDENTITY = "iPhone Developer";
				COPY_PHASE_STRIP = NO;
				DEBUG_INFORMATION_FORMAT = "dwarf-with-dsym";
				ENABLE_NS_ASSERTIONS = NO;
				ENABLE_STRICT_OBJC_MSGSEND = YES;
				GCC_C_LANGUAGE_STANDARD = gnu11;
				GCC_NO_COMMON_BLOCKS = YES;
				GCC_WARN_64_TO_32_BIT_CONVERSION = YES;
				GCC_WARN_ABOUT_RETURN_TYPE = YES_ERROR;
				GCC_WARN_UNDECLARED_SELECTOR = YES;
				GCC_WARN_UNINITIALIZED_AUTOS = YES_AGGRESSIVE;
				GCC_WARN_UNUSED_FUNCTION = YES;
				GCC_WARN_UNUSED_VARIABLE = YES;
				IPHONEOS_DEPLOYMENT_TARGET = 12.2;
				MTL_ENABLE_DEBUG_INFO = NO;
				MTL_FAST_MATH = YES;
				SDKROOT = iphoneos;
				SWIFT_COMPILATION_MODE = wholemodule;
				SWIFT_OPTIMIZATION_LEVEL = "-O";
				VALIDATE_PRODUCT = YES;
			};
			name = Release;
		};
		A5E94126227408AD00855217 /* Debug */ = {
			isa = XCBuildConfiguration;
			buildSettings = {
				ASSETCATALOG_COMPILER_APPICON_NAME = AppIcon;
				CODE_SIGN_STYLE = Automatic;
				DEVELOPMENT_TEAM = GKFU9Y75H8;
				INFOPLIST_FILE = Errror/Info.plist;
				LD_RUNPATH_SEARCH_PATHS = (
					"$(inherited)",
					"@executable_path/Frameworks",
				);
				PRODUCT_BUNDLE_IDENTIFIER = DG.Errror;
				PRODUCT_NAME = "$(TARGET_NAME)";
				SWIFT_VERSION = 5.0;
				TARGETED_DEVICE_FAMILY = "1,2";
			};
			name = Debug;
		};
		A5E94127227408AD00855217 /* Release */ = {
			isa = XCBuildConfiguration;
			buildSettings = {
				ASSETCATALOG_COMPILER_APPICON_NAME = AppIcon;
				CODE_SIGN_STYLE = Automatic;
				DEVELOPMENT_TEAM = GKFU9Y75H8;
				INFOPLIST_FILE = Errror/Info.plist;
				LD_RUNPATH_SEARCH_PATHS = (
					"$(inherited)",
					"@executable_path/Frameworks",
				);
				PRODUCT_BUNDLE_IDENTIFIER = DG.Errror;
				PRODUCT_NAME = "$(TARGET_NAME)";
				SWIFT_VERSION = 5.0;
				TARGETED_DEVICE_FAMILY = "1,2";
			};
			name = Release;
		};
		A5E94129227408AD00855217 /* Debug */ = {
			isa = XCBuildConfiguration;
			buildSettings = {
				ALWAYS_EMBED_SWIFT_STANDARD_LIBRARIES = YES;
				BUNDLE_LOADER = "$(TEST_HOST)";
				CODE_SIGN_STYLE = Automatic;
				DEVELOPMENT_TEAM = GKFU9Y75H8;
				INFOPLIST_FILE = ErrrorTests/Info.plist;
				LD_RUNPATH_SEARCH_PATHS = (
					"$(inherited)",
					"@executable_path/Frameworks",
					"@loader_path/Frameworks",
				);
				PRODUCT_BUNDLE_IDENTIFIER = DG.ErrrorTests;
				PRODUCT_NAME = "$(TARGET_NAME)";
				SWIFT_VERSION = 5.0;
				TARGETED_DEVICE_FAMILY = "1,2";
				TEST_HOST = "$(BUILT_PRODUCTS_DIR)/Errror.app/Errror";
			};
			name = Debug;
		};
		A5E9412A227408AD00855217 /* Release */ = {
			isa = XCBuildConfiguration;
			buildSettings = {
				ALWAYS_EMBED_SWIFT_STANDARD_LIBRARIES = YES;
				BUNDLE_LOADER = "$(TEST_HOST)";
				CODE_SIGN_STYLE = Automatic;
				DEVELOPMENT_TEAM = GKFU9Y75H8;
				INFOPLIST_FILE = ErrrorTests/Info.plist;
				LD_RUNPATH_SEARCH_PATHS = (
					"$(inherited)",
					"@executable_path/Frameworks",
					"@loader_path/Frameworks",
				);
				PRODUCT_BUNDLE_IDENTIFIER = DG.ErrrorTests;
				PRODUCT_NAME = "$(TARGET_NAME)";
				SWIFT_VERSION = 5.0;
				TARGETED_DEVICE_FAMILY = "1,2";
				TEST_HOST = "$(BUILT_PRODUCTS_DIR)/Errror.app/Errror";
			};
			name = Release;
		};
		A5E9412C227408AD00855217 /* Debug */ = {
			isa = XCBuildConfiguration;
			buildSettings = {
				ALWAYS_EMBED_SWIFT_STANDARD_LIBRARIES = YES;
				CODE_SIGN_STYLE = Automatic;
				DEVELOPMENT_TEAM = GKFU9Y75H8;
				INFOPLIST_FILE = ErrrorUITests/Info.plist;
				LD_RUNPATH_SEARCH_PATHS = (
					"$(inherited)",
					"@executable_path/Frameworks",
					"@loader_path/Frameworks",
				);
				PRODUCT_BUNDLE_IDENTIFIER = DG.ErrrorUITests;
				PRODUCT_NAME = "$(TARGET_NAME)";
				SWIFT_VERSION = 5.0;
				TARGETED_DEVICE_FAMILY = "1,2";
				TEST_TARGET_NAME = Errror;
			};
			name = Debug;
		};
		A5E9412D227408AD00855217 /* Release */ = {
			isa = XCBuildConfiguration;
			buildSettings = {
				ALWAYS_EMBED_SWIFT_STANDARD_LIBRARIES = YES;
				CODE_SIGN_STYLE = Automatic;
				DEVELOPMENT_TEAM = GKFU9Y75H8;
				INFOPLIST_FILE = ErrrorUITests/Info.plist;
				LD_RUNPATH_SEARCH_PATHS = (
					"$(inherited)",
					"@executable_path/Frameworks",
					"@loader_path/Frameworks",
				);
				PRODUCT_BUNDLE_IDENTIFIER = DG.ErrrorUITests;
				PRODUCT_NAME = "$(TARGET_NAME)";
				SWIFT_VERSION = 5.0;
				TARGETED_DEVICE_FAMILY = "1,2";
				TEST_TARGET_NAME = Errror;
			};
			name = Release;
		};
/* End XCBuildConfiguration section */

/* Begin XCConfigurationList section */
		A5E940F8227408AA00855217 /* Build configuration list for PBXProject "Errror" */ = {
			isa = XCConfigurationList;
			buildConfigurations = (
				A5E94123227408AD00855217 /* Debug */,
				A5E94124227408AD00855217 /* Release */,
			);
			defaultConfigurationIsVisible = 0;
			defaultConfigurationName = Release;
		};
		A5E94125227408AD00855217 /* Build configuration list for PBXNativeTarget "Errror" */ = {
			isa = XCConfigurationList;
			buildConfigurations = (
				A5E94126227408AD00855217 /* Debug */,
				A5E94127227408AD00855217 /* Release */,
			);
			defaultConfigurationIsVisible = 0;
			defaultConfigurationName = Release;
		};
		A5E94128227408AD00855217 /* Build configuration list for PBXNativeTarget "ErrrorTests" */ = {
			isa = XCConfigurationList;
			buildConfigurations = (
				A5E94129227408AD00855217 /* Debug */,
				A5E9412A227408AD00855217 /* Release */,
			);
			defaultConfigurationIsVisible = 0;
			defaultConfigurationName = Release;
		};
		A5E9412B227408AD00855217 /* Build configuration list for PBXNativeTarget "ErrrorUITests" */ = {
			isa = XCConfigurationList;
			buildConfigurations = (
				A5E9412C227408AD00855217 /* Debug */,
				A5E9412D227408AD00855217 /* Release */,
			);
			defaultConfigurationIsVisible = 0;
			defaultConfigurationName = Release;
		};
/* End XCConfigurationList section */
	};
	rootObject = A5E940F5227408AA00855217 /* Project object */;
}
